# THIS IS AN AUTOGENERATED FILE. DO NOT EDIT THIS FILE DIRECTLY.
# yarn lockfile v1


"@babel/runtime@^7.8.7":
  version "7.9.0"
  resolved "https://registry.yarnpkg.com/@babel/runtime/-/runtime-7.9.0.tgz#337eda67401f5b066a6f205a3113d4ac18ba495b"
  integrity sha512-cTIudHnzuWLS56ik4DnRnqqNf8MkdUzV4iFFI1h7Jo9xvrpQROYaAnaSd2mHLQAzzZAPfATynX5ord6YlNYNMA==
  dependencies:
    regenerator-runtime "^0.13.4"

gatsby-plugin-google-analytics@^2.2.0:
  version "2.2.0"
  resolved "https://registry.yarnpkg.com/gatsby-plugin-google-analytics/-/gatsby-plugin-google-analytics-2.2.0.tgz#8ba9994607bdc2d57feec4401002038fb261e29c"
  integrity sha512-mEX+hjNatObDBN32OkEdfmatpFOl3hs1fHDY8e7kVA9wsQdP2FL/wSwaxX15RuSOEUryyZ2aJMh8O/5iz2Pi1g==
  dependencies:
    "@babel/runtime" "^7.8.7"

regenerator-runtime@^0.13.4:
  version "0.13.5"
  resolved "https://registry.yarnpkg.com/regenerator-runtime/-/regenerator-runtime-0.13.5.tgz#d878a1d094b4306d10b9096484b33ebd55e26697"
  integrity sha512-ZS5w8CpKFinUzOwW3c83oPeVXoNsrLsaCoLtJvAClH135j/R77RuymhiSErhm2lKcwSCIpmvIWSbDkIfAqKQlA==
